
Microsoft Visual Studio Solution File, Format Version 12.00
Project("{A6062653-858C-4E62-82A2-F85C1ED6AC77}") = "ISRUApi", "src/ISRUApi/ISRUApi.csproj", "{EC5F0303-A9C9-4092-AC23-D9B7463664F1}"
EndProject
Project("{A6062653-858C-4E62-82A2-F85C1ED6AC77}") = "ISRUApi.PreloadPatcher", "src/ISRUApi.PreloadPatcher/ISRUApi.PreloadPatcher.csproj", "{14237CEC-E696-49F5-AE3B-75CD3F4B1FB4}"
EndProject
Global
	GlobalSection(SolutionConfigurationPlatforms) = preSolution
		Debug|Any CPU = Debug|Any CPU
		Release|Any CPU = Release|Any CPU
		Deploy|Any CPU = Deploy|Any CPU
		DeployAndRun|Any CPU = DeployAndRun|Any CPU
	EndGlobalSection
	GlobalSection(ProjectConfigurationPlatforms) = postSolution
		{EC5F0303-A9C9-4092-AC23-D9B7463664F1}.Debug|Any CPU.ActiveCfg = Debug|Any CPU
		{EC5F0303-A9C9-4092-AC23-D9B7463664F1}.Debug|Any CPU.Build.0 = Debug|Any CPU
		{EC5F0303-A9C9-4092-AC23-D9B7463664F1}.Release|Any CPU.ActiveCfg = Release|Any CPU
		{EC5F0303-A9C9-4092-AC23-D9B7463664F1}.Release|Any CPU.Build.0 = Release|Any CPU
		{EC5F0303-A9C9-4092-AC23-D9B7463664F1}.Deploy|Any CPU.ActiveCfg = Deploy|Any CPU
		{EC5F0303-A9C9-4092-AC23-D9B7463664F1}.Deploy|Any CPU.Build.0 = Deploy|Any CPU
		{EC5F0303-A9C9-4092-AC23-D9B7463664F1}.DeployAndRun|Any CPU.ActiveCfg = DeployAndRun|Any CPU
		{EC5F0303-A9C9-4092-AC23-D9B7463664F1}.DeployAndRun|Any CPU.Build.0 = DeployAndRun|Any CPU
		{14237CEC-E696-49F5-AE3B-75CD3F4B1FB4}.Debug|Any CPU.ActiveCfg = Debug|Any CPU
		{14237CEC-E696-49F5-AE3B-75CD3F4B1FB4}.Debug|Any CPU.Build.0 = Debug|Any CPU
		{14237CEC-E696-49F5-AE3B-75CD3F4B1FB4}.Release|Any CPU.ActiveCfg = Release|Any CPU
		{14237CEC-E696-49F5-AE3B-75CD3F4B1FB4}.Release|Any CPU.Build.0 = Release|Any CPU
		{14237CEC-E696-49F5-AE3B-75CD3F4B1FB4}.Deploy|Any CPU.ActiveCfg = Deploy|Any CPU
		{14237CEC-E696-49F5-AE3B-75CD3F4B1FB4}.Deploy|Any CPU.Build.0 = Deploy|Any CPU
		{14237CEC-E696-49F5-AE3B-75CD3F4B1FB4}.DeployAndRun|Any CPU.ActiveCfg = DeployAndRun|Any CPU
		{14237CEC-E696-49F5-AE3B-75CD3F4B1FB4}.DeployAndRun|Any CPU.Build.0 = DeployAndRun|Any CPU
	EndGlobalSection
EndGlobal

